
Microsoft Visual Studio Solution File, Format Version 12.00
# Visual Studio Version 17
VisualStudioVersion = 17.4.33110.190
MinimumVisualStudioVersion = 10.0.40219.1
Project("{F184B08F-C81C-45F6-A57F-5ABD9991F28F}") = "ListView", "ListView\ListView.vbproj", "{0E55DACC-1145-46E3-92EF-14B7A11DEC1E}"
EndProject
Global
	GlobalSection(SolutionConfigurationPlatforms) = preSolution
		Debug|Any CPU = Debug|Any CPU
		Release|Any CPU = Release|Any CPU
	EndGlobalSection
	GlobalSection(ProjectConfigurationPlatforms) = postSolution
		{0E55DACC-1145-46E3-92EF-14B7A11DEC1E}.Debug|Any CPU.ActiveCfg = Debug|Any CPU
		{0E55DACC-1145-46E3-92EF-14B7A11DEC1E}.Debug|Any CPU.Build.0 = Debug|Any CPU
		{0E55DACC-1145-46E3-92EF-14B7A11DEC1E}.Release|Any CPU.ActiveCfg = Release|Any CPU
		{0E55DACC-1145-46E3-92EF-14B7A11DEC1E}.Release|Any CPU.Build.0 = Release|Any CPU
	EndGlobalSection
	GlobalSection(SolutionProperties) = preSolution
		HideSolutionNode = FALSE
	EndGlobalSection
	GlobalSection(ExtensibilityGlobals) = postSolution
		SolutionGuid = {06044D0C-5B8B-4761-9048-D898C048AF50}
	EndGlobalSection
EndGlobal
